
Microsoft Visual Studio Solution File, Format Version 12.00
# Visual Studio 15
VisualStudioVersion = 15.0.28010.2019
MinimumVisualStudioVersion = 10.0.40219.1
Project("{9A19103F-16F7-4668-BE54-9A1E7A4F7556}") = "ProductAPI", "ProductAPI\ProductAPI.csproj", "{E0A49EC7-31EC-4F66-B391-781533F049D6}"
EndProject
Project("{FAE04EC0-301F-11D3-BF4B-00C04F79EFBC}") = "OrderAPI", "OrderAPI\OrderAPI.csproj", "{5D462DBF-867D-482A-840A-F6FA3C696A4B}"
EndProject
Global
	GlobalSection(SolutionConfigurationPlatforms) = preSolution
		Debug|Any CPU = Debug|Any CPU
		Release|Any CPU = Release|Any CPU
	EndGlobalSection
	GlobalSection(ProjectConfigurationPlatforms) = postSolution
		{E0A49EC7-31EC-4F66-B391-781533F049D6}.Debug|Any CPU.ActiveCfg = Debug|Any CPU
		{E0A49EC7-31EC-4F66-B391-781533F049D6}.Debug|Any CPU.Build.0 = Debug|Any CPU
		{E0A49EC7-31EC-4F66-B391-781533F049D6}.Release|Any CPU.ActiveCfg = Release|Any CPU
		{E0A49EC7-31EC-4F66-B391-781533F049D6}.Release|Any CPU.Build.0 = Release|Any CPU
		{5D462DBF-867D-482A-840A-F6FA3C696A4B}.Debug|Any CPU.ActiveCfg = Debug|Any CPU
		{5D462DBF-867D-482A-840A-F6FA3C696A4B}.Debug|Any CPU.Build.0 = Debug|Any CPU
		{5D462DBF-867D-482A-840A-F6FA3C696A4B}.Release|Any CPU.ActiveCfg = Release|Any CPU
		{5D462DBF-867D-482A-840A-F6FA3C696A4B}.Release|Any CPU.Build.0 = Release|Any CPU
	EndGlobalSection
	GlobalSection(SolutionProperties) = preSolution
		HideSolutionNode = FALSE
	EndGlobalSection
	GlobalSection(ExtensibilityGlobals) = postSolution
		SolutionGuid = {A4694FE3-9A7C-4A5D-87F7-04CEEC6C3166}
	EndGlobalSection
EndGlobal
